{
  "object": {
    "pins": [
      {
        "package": "Cosmos",
        "repositoryURL": "https://github.com/evgenyneu/Cosmos.git",
        "state": {
          "branch": null,
          "revision": "cce521e734d0090494bd4afab5fd2e2f2465c1af",
          "version": "23.0.0"
        }
      },
      {
        "package": "LNPopupController",
        "repositoryURL": "https://github.com/LeoNatan/LNPopupController",
        "state": {
          "branch": null,
          "revision": "7a7cf8d76f1cedf5a26565bb12a6566755988a97",
          "version": "2.10.26"
        }
      }
    ]
  },
  "version": 1
}
