// !$*UTF8*$!
{
	archiveVersion = 1;
	classes = {
	};
	objectVersion = 56;
	objects = {

/* Begin PBXBuildFile section */
		2016955B2B3F27B2001456B6 /* HomeTab.swift in Sources */ = {isa = PBXBuildFile; fileRef = 2016955A2B3F27B2001456B6 /* HomeTab.swift */; };
		2016955D2B3F645E001456B6 /* LibraryTab.swift in Sources */ = {isa = PBXBuildFile; fileRef = 2016955C2B3F645E001456B6 /* LibraryTab.swift */; };
		2016955F2B3F64DF001456B6 /* ResultView.swift in Sources */ = {isa = PBXBuildFile; fileRef = 2016955E2B3F64DF001456B6 /* ResultView.swift */; };
		201695612B3F82E9001456B6 /* SettingsTab.swift in Sources */ = {isa = PBXBuildFile; fileRef = 201695602B3F82E9001456B6 /* SettingsTab.swift */; };
		206E4A6A2B40C3A600CEA4D4 /* HistoryPage.swift in Sources */ = {isa = PBXBuildFile; fileRef = 206E4A692B40C3A600CEA4D4 /* HistoryPage.swift */; };
		206E4A6C2B4203EC00CEA4D4 /* RemoteImage.swift in Sources */ = {isa = PBXBuildFile; fileRef = 206E4A6B2B4203EC00CEA4D4 /* RemoteImage.swift */; };
		206E4A6E2B420B8100CEA4D4 /* UpdateView.swift in Sources */ = {isa = PBXBuildFile; fileRef = 206E4A6D2B420B8100CEA4D4 /* UpdateView.swift */; };
		209B8C032B2E40D5008E3794 /* AtticsApp.swift in Sources */ = {isa = PBXBuildFile; fileRef = 209B8C022B2E40D5008E3794 /* AtticsApp.swift */; };
		209B8C072B2E40D6008E3794 /* Assets.xcassets in Resources */ = {isa = PBXBuildFile; fileRef = 209B8C062B2E40D6008E3794 /* Assets.xcassets */; };
		209B8C0A2B2E40D6008E3794 /* Preview Assets.xcassets in Resources */ = {isa = PBXBuildFile; fileRef = 209B8C092B2E40D6008E3794 /* Preview Assets.xcassets */; };
		209B8C142B2E40D6008E3794 /* AtticsTests.swift in Sources */ = {isa = PBXBuildFile; fileRef = 209B8C132B2E40D6008E3794 /* AtticsTests.swift */; };
		209B8C1E2B2E40D6008E3794 /* AtticsUITests.swift in Sources */ = {isa = PBXBuildFile; fileRef = 209B8C1D2B2E40D6008E3794 /* AtticsUITests.swift */; };
		209B8C202B2E40D6008E3794 /* AtticsUITestsLaunchTests.swift in Sources */ = {isa = PBXBuildFile; fileRef = 209B8C1F2B2E40D6008E3794 /* AtticsUITestsLaunchTests.swift */; };
		209B8C382B2E4322008E3794 /* CosmosUI in Frameworks */ = {isa = PBXBuildFile; productRef = 209B8C372B2E4322008E3794 /* CosmosUI */; };
		209B8C422B2E44E3008E3794 /* AtticsCore in Frameworks */ = {isa = PBXBuildFile; productRef = 209B8C412B2E44E3008E3794 /* AtticsCore */; };
		209B8C442B2E4585008E3794 /* LNPopupUI-Static in Frameworks */ = {isa = PBXBuildFile; productRef = 209B8C432B2E4585008E3794 /* LNPopupUI-Static */; };
		20CA18932B351E70006B8902 /* RecordingPage.swift in Sources */ = {isa = PBXBuildFile; fileRef = 20CA18922B351E70006B8902 /* RecordingPage.swift */; };
		20CA18972B353350006B8902 /* NavigationModel.swift in Sources */ = {isa = PBXBuildFile; fileRef = 20CA18962B353350006B8902 /* NavigationModel.swift */; };
		20CDF1092B3E147D0009853A /* SettingsView.swift in Sources */ = {isa = PBXBuildFile; fileRef = 20CDF1082B3E147D0009853A /* SettingsView.swift */; };
		20D749532B372BDA00E1C589 /* TrackRow.swift in Sources */ = {isa = PBXBuildFile; fileRef = 20D749522B372BDA00E1C589 /* TrackRow.swift */; };
		20D749552B37354300E1C589 /* MusicProgressSilder.swift in Sources */ = {isa = PBXBuildFile; fileRef = 20D749542B37354300E1C589 /* MusicProgressSilder.swift */; };
		20D749572B37C50600E1C589 /* PopupView.swift in Sources */ = {isa = PBXBuildFile; fileRef = 20D749562B37C50600E1C589 /* PopupView.swift */; };
		20D7495B2B38FD0200E1C589 /* LibraryPage.swift in Sources */ = {isa = PBXBuildFile; fileRef = 20D7495A2B38FD0200E1C589 /* LibraryPage.swift */; };
		20D7495F2B390B2800E1C589 /* LibraryItemPage.swift in Sources */ = {isa = PBXBuildFile; fileRef = 20D7495E2B390B2800E1C589 /* LibraryItemPage.swift */; };
		20D749612B390BB500E1C589 /* PlaylistHeader.swift in Sources */ = {isa = PBXBuildFile; fileRef = 20D749602B390BB500E1C589 /* PlaylistHeader.swift */; };
		20E318DC2B2E4BFA007A106B /* AppDelegate.swift in Sources */ = {isa = PBXBuildFile; fileRef = 20E318DB2B2E4BFA007A106B /* AppDelegate.swift */; };
		20E318E32B2E4E5D007A106B /* BrowsePage.swift in Sources */ = {isa = PBXBuildFile; fileRef = 20E318E22B2E4E5D007A106B /* BrowsePage.swift */; };
		20E318E52B2E5169007A106B /* Color+Extensions.swift in Sources */ = {isa = PBXBuildFile; fileRef = 20E318E42B2E5169007A106B /* Color+Extensions.swift */; };
		20E318EA2B2F8A20007A106B /* BandsPage.swift in Sources */ = {isa = PBXBuildFile; fileRef = 20E318E92B2F8A20007A106B /* BandsPage.swift */; };
		20E318F22B2FE463007A106B /* YearPage.swift in Sources */ = {isa = PBXBuildFile; fileRef = 20E318F12B2FE463007A106B /* YearPage.swift */; };
		20E318F62B2FF33A007A106B /* PerformancePage.swift in Sources */ = {isa = PBXBuildFile; fileRef = 20E318F52B2FF33A007A106B /* PerformancePage.swift */; };
/* End PBXBuildFile section */

/* Begin PBXContainerItemProxy section */
		209B8C102B2E40D6008E3794 /* PBXContainerItemProxy */ = {
			isa = PBXContainerItemProxy;
			containerPortal = 209B8BF72B2E40D5008E3794 /* Project object */;
			proxyType = 1;
			remoteGlobalIDString = 209B8BFE2B2E40D5008E3794;
			remoteInfo = Attics;
		};
		209B8C1A2B2E40D6008E3794 /* PBXContainerItemProxy */ = {
			isa = PBXContainerItemProxy;
			containerPortal = 209B8BF72B2E40D5008E3794 /* Project object */;
			proxyType = 1;
			remoteGlobalIDString = 209B8BFE2B2E40D5008E3794;
			remoteInfo = Attics;
		};
/* End PBXContainerItemProxy section */

/* Begin PBXCopyFilesBuildPhase section */
		209B8C402B2E44D9008E3794 /* Embed Frameworks */ = {
			isa = PBXCopyFilesBuildPhase;
			buildActionMask = 2147483647;
			dstPath = "";
			dstSubfolderSpec = 10;
			files = (
			);
			name = "Embed Frameworks";
			runOnlyForDeploymentPostprocessing = 0;
		};
/* End PBXCopyFilesBuildPhase section */

/* Begin PBXFileReference section */
		2016955A2B3F27B2001456B6 /* HomeTab.swift */ = {isa = PBXFileReference; lastKnownFileType = sourcecode.swift; path = HomeTab.swift; sourceTree = "<group>"; };
		2016955C2B3F645E001456B6 /* LibraryTab.swift */ = {isa = PBXFileReference; lastKnownFileType = sourcecode.swift; path = LibraryTab.swift; sourceTree = "<group>"; };
		2016955E2B3F64DF001456B6 /* ResultView.swift */ = {isa = PBXFileReference; lastKnownFileType = sourcecode.swift; path = ResultView.swift; sourceTree = "<group>"; };
		201695602B3F82E9001456B6 /* SettingsTab.swift */ = {isa = PBXFileReference; lastKnownFileType = sourcecode.swift; path = SettingsTab.swift; sourceTree = "<group>"; };
		206E4A692B40C3A600CEA4D4 /* HistoryPage.swift */ = {isa = PBXFileReference; lastKnownFileType = sourcecode.swift; path = HistoryPage.swift; sourceTree = "<group>"; };
		206E4A6B2B4203EC00CEA4D4 /* RemoteImage.swift */ = {isa = PBXFileReference; lastKnownFileType = sourcecode.swift; path = RemoteImage.swift; sourceTree = "<group>"; };
		206E4A6D2B420B8100CEA4D4 /* UpdateView.swift */ = {isa = PBXFileReference; lastKnownFileType = sourcecode.swift; path = UpdateView.swift; sourceTree = "<group>"; };
		209B8BFF2B2E40D5008E3794 /* Attics.app */ = {isa = PBXFileReference; explicitFileType = wrapper.application; includeInIndex = 0; path = Attics.app; sourceTree = BUILT_PRODUCTS_DIR; };
		209B8C022B2E40D5008E3794 /* AtticsApp.swift */ = {isa = PBXFileReference; lastKnownFileType = sourcecode.swift; path = AtticsApp.swift; sourceTree = "<group>"; };
		209B8C062B2E40D6008E3794 /* Assets.xcassets */ = {isa = PBXFileReference; lastKnownFileType = folder.assetcatalog; path = Assets.xcassets; sourceTree = "<group>"; };
		209B8C092B2E40D6008E3794 /* Preview Assets.xcassets */ = {isa = PBXFileReference; lastKnownFileType = folder.assetcatalog; path = "Preview Assets.xcassets"; sourceTree = "<group>"; };
		209B8C0F2B2E40D6008E3794 /* AtticsTests.xctest */ = {isa = PBXFileReference; explicitFileType = wrapper.cfbundle; includeInIndex = 0; path = AtticsTests.xctest; sourceTree = BUILT_PRODUCTS_DIR; };
		209B8C132B2E40D6008E3794 /* AtticsTests.swift */ = {isa = PBXFileReference; lastKnownFileType = sourcecode.swift; path = AtticsTests.swift; sourceTree = "<group>"; };
		209B8C192B2E40D6008E3794 /* AtticsUITests.xctest */ = {isa = PBXFileReference; explicitFileType = wrapper.cfbundle; includeInIndex = 0; path = AtticsUITests.xctest; sourceTree = BUILT_PRODUCTS_DIR; };
		209B8C1D2B2E40D6008E3794 /* AtticsUITests.swift */ = {isa = PBXFileReference; lastKnownFileType = sourcecode.swift; path = AtticsUITests.swift; sourceTree = "<group>"; };
		209B8C1F2B2E40D6008E3794 /* AtticsUITestsLaunchTests.swift */ = {isa = PBXFileReference; lastKnownFileType = sourcecode.swift; path = AtticsUITestsLaunchTests.swift; sourceTree = "<group>"; };
		209B8C2F2B2E4198008E3794 /* CosmosUI */ = {isa = PBXFileReference; lastKnownFileType = wrapper; name = CosmosUI; path = ../CosmosUI; sourceTree = "<group>"; };
		209B8C392B2E43EB008E3794 /* AtticsCore */ = {isa = PBXFileReference; lastKnownFileType = wrapper; name = AtticsCore; path = ../AtticsCore; sourceTree = "<group>"; };
		20CA18922B351E70006B8902 /* RecordingPage.swift */ = {isa = PBXFileReference; lastKnownFileType = sourcecode.swift; path = RecordingPage.swift; sourceTree = "<group>"; };
		20CA18962B353350006B8902 /* NavigationModel.swift */ = {isa = PBXFileReference; lastKnownFileType = sourcecode.swift; path = NavigationModel.swift; sourceTree = "<group>"; };
		20CDF1072B3DC6780009853A /* Attics.entitlements */ = {isa = PBXFileReference; lastKnownFileType = text.plist.entitlements; path = Attics.entitlements; sourceTree = "<group>"; };
		20CDF1082B3E147D0009853A /* SettingsView.swift */ = {isa = PBXFileReference; lastKnownFileType = sourcecode.swift; path = SettingsView.swift; sourceTree = "<group>"; };
		20D749522B372BDA00E1C589 /* TrackRow.swift */ = {isa = PBXFileReference; lastKnownFileType = sourcecode.swift; path = TrackRow.swift; sourceTree = "<group>"; };
		20D749542B37354300E1C589 /* MusicProgressSilder.swift */ = {isa = PBXFileReference; lastKnownFileType = sourcecode.swift; path = MusicProgressSilder.swift; sourceTree = "<group>"; };
		20D749562B37C50600E1C589 /* PopupView.swift */ = {isa = PBXFileReference; lastKnownFileType = sourcecode.swift; path = PopupView.swift; sourceTree = "<group>"; };
		20D7495A2B38FD0200E1C589 /* LibraryPage.swift */ = {isa = PBXFileReference; lastKnownFileType = sourcecode.swift; path = LibraryPage.swift; sourceTree = "<group>"; };
		20D7495E2B390B2800E1C589 /* LibraryItemPage.swift */ = {isa = PBXFileReference; lastKnownFileType = sourcecode.swift; path = LibraryItemPage.swift; sourceTree = "<group>"; };
		20D749602B390BB500E1C589 /* PlaylistHeader.swift */ = {isa = PBXFileReference; lastKnownFileType = sourcecode.swift; path = PlaylistHeader.swift; sourceTree = "<group>"; };
		20E318DB2B2E4BFA007A106B /* AppDelegate.swift */ = {isa = PBXFileReference; lastKnownFileType = sourcecode.swift; path = AppDelegate.swift; sourceTree = "<group>"; };
		20E318E22B2E4E5D007A106B /* BrowsePage.swift */ = {isa = PBXFileReference; lastKnownFileType = sourcecode.swift; path = BrowsePage.swift; sourceTree = "<group>"; };
		20E318E42B2E5169007A106B /* Color+Extensions.swift */ = {isa = PBXFileReference; lastKnownFileType = sourcecode.swift; path = "Color+Extensions.swift"; sourceTree = "<group>"; };
		20E318E62B2F8583007A106B /* Info.plist */ = {isa = PBXFileReference; lastKnownFileType = text.plist; path = Info.plist; sourceTree = "<group>"; };
		20E318E92B2F8A20007A106B /* BandsPage.swift */ = {isa = PBXFileReference; lastKnownFileType = sourcecode.swift; path = BandsPage.swift; sourceTree = "<group>"; };
		20E318F12B2FE463007A106B /* YearPage.swift */ = {isa = PBXFileReference; lastKnownFileType = sourcecode.swift; path = YearPage.swift; sourceTree = "<group>"; };
		20E318F52B2FF33A007A106B /* PerformancePage.swift */ = {isa = PBXFileReference; lastKnownFileType = sourcecode.swift; path = PerformancePage.swift; sourceTree = "<group>"; };
/* End PBXFileReference section */

/* Begin PBXFrameworksBuildPhase section */
		209B8BFC2B2E40D5008E3794 /* Frameworks */ = {
			isa = PBXFrameworksBuildPhase;
			buildActionMask = 2147483647;
			files = (
				209B8C382B2E4322008E3794 /* CosmosUI in Frameworks */,
				209B8C422B2E44E3008E3794 /* AtticsCore in Frameworks */,
				209B8C442B2E4585008E3794 /* LNPopupUI-Static in Frameworks */,
			);
			runOnlyForDeploymentPostprocessing = 0;
		};
		209B8C0C2B2E40D6008E3794 /* Frameworks */ = {
			isa = PBXFrameworksBuildPhase;
			buildActionMask = 2147483647;
			files = (
			);
			runOnlyForDeploymentPostprocessing = 0;
		};
		209B8C162B2E40D6008E3794 /* Frameworks */ = {
			isa = PBXFrameworksBuildPhase;
			buildActionMask = 2147483647;
			files = (
			);
			runOnlyForDeploymentPostprocessing = 0;
		};
/* End PBXFrameworksBuildPhase section */

/* Begin PBXGroup section */
		209B8BF62B2E40D5008E3794 = {
			isa = PBXGroup;
			children = (
				209B8C392B2E43EB008E3794 /* AtticsCore */,
				209B8C2F2B2E4198008E3794 /* CosmosUI */,
				209B8C012B2E40D5008E3794 /* Attics */,
				209B8C122B2E40D6008E3794 /* AtticsTests */,
				209B8C1C2B2E40D6008E3794 /* AtticsUITests */,
				209B8C002B2E40D5008E3794 /* Products */,
				209B8C362B2E4322008E3794 /* Frameworks */,
			);
			sourceTree = "<group>";
		};
		209B8C002B2E40D5008E3794 /* Products */ = {
			isa = PBXGroup;
			children = (
				209B8BFF2B2E40D5008E3794 /* Attics.app */,
				209B8C0F2B2E40D6008E3794 /* AtticsTests.xctest */,
				209B8C192B2E40D6008E3794 /* AtticsUITests.xctest */,
			);
			name = Products;
			sourceTree = "<group>";
		};
		209B8C012B2E40D5008E3794 /* Attics */ = {
			isa = PBXGroup;
			children = (
				20CDF1072B3DC6780009853A /* Attics.entitlements */,
				20E318E62B2F8583007A106B /* Info.plist */,
				20E318DB2B2E4BFA007A106B /* AppDelegate.swift */,
				209B8C022B2E40D5008E3794 /* AtticsApp.swift */,
				20CA18962B353350006B8902 /* NavigationModel.swift */,
				2016955A2B3F27B2001456B6 /* HomeTab.swift */,
				2016955C2B3F645E001456B6 /* LibraryTab.swift */,
				201695602B3F82E9001456B6 /* SettingsTab.swift */,
				20E318E92B2F8A20007A106B /* BandsPage.swift */,
				20E318E22B2E4E5D007A106B /* BrowsePage.swift */,
				20E318F12B2FE463007A106B /* YearPage.swift */,
				20E318F52B2FF33A007A106B /* PerformancePage.swift */,
				20CA18922B351E70006B8902 /* RecordingPage.swift */,
				20D7495A2B38FD0200E1C589 /* LibraryPage.swift */,
				20D7495E2B390B2800E1C589 /* LibraryItemPage.swift */,
				206E4A692B40C3A600CEA4D4 /* HistoryPage.swift */,
				20D749562B37C50600E1C589 /* PopupView.swift */,
				20CDF1082B3E147D0009853A /* SettingsView.swift */,
				20D749522B372BDA00E1C589 /* TrackRow.swift */,
				209B8C062B2E40D6008E3794 /* Assets.xcassets */,
				209B8C082B2E40D6008E3794 /* Preview Content */,
				20E318E42B2E5169007A106B /* Color+Extensions.swift */,
				20D749542B37354300E1C589 /* MusicProgressSilder.swift */,
				20D749602B390BB500E1C589 /* PlaylistHeader.swift */,
				2016955E2B3F64DF001456B6 /* ResultView.swift */,
				206E4A6B2B4203EC00CEA4D4 /* RemoteImage.swift */,
				206E4A6D2B420B8100CEA4D4 /* UpdateView.swift */,
			);
			path = Attics;
			sourceTree = "<group>";
		};
		209B8C082B2E40D6008E3794 /* Preview Content */ = {
			isa = PBXGroup;
			children = (
				209B8C092B2E40D6008E3794 /* Preview Assets.xcassets */,
			);
			path = "Preview Content";
			sourceTree = "<group>";
		};
		209B8C122B2E40D6008E3794 /* AtticsTests */ = {
			isa = PBXGroup;
			children = (
				209B8C132B2E40D6008E3794 /* AtticsTests.swift */,
			);
			path = AtticsTests;
			sourceTree = "<group>";
		};
		209B8C1C2B2E40D6008E3794 /* AtticsUITests */ = {
			isa = PBXGroup;
			children = (
				209B8C1D2B2E40D6008E3794 /* AtticsUITests.swift */,
				209B8C1F2B2E40D6008E3794 /* AtticsUITestsLaunchTests.swift */,
			);
			path = AtticsUITests;
			sourceTree = "<group>";
		};
		209B8C362B2E4322008E3794 /* Frameworks */ = {
			isa = PBXGroup;
			children = (
			);
			name = Frameworks;
			sourceTree = "<group>";
		};
/* End PBXGroup section */

/* Begin PBXNativeTarget section */
		209B8BFE2B2E40D5008E3794 /* Attics */ = {
			isa = PBXNativeTarget;
			buildConfigurationList = 209B8C232B2E40D6008E3794 /* Build configuration list for PBXNativeTarget "Attics" */;
			buildPhases = (
				209B8BFB2B2E40D5008E3794 /* Sources */,
				209B8BFC2B2E40D5008E3794 /* Frameworks */,
				209B8BFD2B2E40D5008E3794 /* Resources */,
				209B8C402B2E44D9008E3794 /* Embed Frameworks */,
			);
			buildRules = (
			);
			dependencies = (
			);
			name = Attics;
			packageProductDependencies = (
				209B8C372B2E4322008E3794 /* CosmosUI */,
				209B8C412B2E44E3008E3794 /* AtticsCore */,
				209B8C432B2E4585008E3794 /* LNPopupUI-Static */,
			);
			productName = Attics;
			productReference = 209B8BFF2B2E40D5008E3794 /* Attics.app */;
			productType = "com.apple.product-type.application";
		};
		209B8C0E2B2E40D6008E3794 /* AtticsTests */ = {
			isa = PBXNativeTarget;
			buildConfigurationList = 209B8C262B2E40D6008E3794 /* Build configuration list for PBXNativeTarget "AtticsTests" */;
			buildPhases = (
				209B8C0B2B2E40D6008E3794 /* Sources */,
				209B8C0C2B2E40D6008E3794 /* Frameworks */,
				209B8C0D2B2E40D6008E3794 /* Resources */,
			);
			buildRules = (
			);
			dependencies = (
				209B8C112B2E40D6008E3794 /* PBXTargetDependency */,
			);
			name = AtticsTests;
			productName = AtticsTests;
			productReference = 209B8C0F2B2E40D6008E3794 /* AtticsTests.xctest */;
			productType = "com.apple.product-type.bundle.unit-test";
		};
		209B8C182B2E40D6008E3794 /* AtticsUITests */ = {
			isa = PBXNativeTarget;
			buildConfigurationList = 209B8C292B2E40D6008E3794 /* Build configuration list for PBXNativeTarget "AtticsUITests" */;
			buildPhases = (
				209B8C152B2E40D6008E3794 /* Sources */,
				209B8C162B2E40D6008E3794 /* Frameworks */,
				209B8C172B2E40D6008E3794 /* Resources */,
			);
			buildRules = (
			);
			dependencies = (
				209B8C1B2B2E40D6008E3794 /* PBXTargetDependency */,
			);
			name = AtticsUITests;
			productName = AtticsUITests;
			productReference = 209B8C192B2E40D6008E3794 /* AtticsUITests.xctest */;
			productType = "com.apple.product-type.bundle.ui-testing";
		};
/* End PBXNativeTarget section */

/* Begin PBXProject section */
		209B8BF72B2E40D5008E3794 /* Project object */ = {
			isa = PBXProject;
			attributes = {
				BuildIndependentTargetsInParallel = 1;
				LastSwiftUpdateCheck = 1430;
				LastUpgradeCheck = 1430;
				TargetAttributes = {
					209B8BFE2B2E40D5008E3794 = {
						CreatedOnToolsVersion = 14.3.1;
					};
					209B8C0E2B2E40D6008E3794 = {
						CreatedOnToolsVersion = 14.3.1;
						TestTargetID = 209B8BFE2B2E40D5008E3794;
					};
					209B8C182B2E40D6008E3794 = {
						CreatedOnToolsVersion = 14.3.1;
						TestTargetID = 209B8BFE2B2E40D5008E3794;
					};
				};
			};
			buildConfigurationList = 209B8BFA2B2E40D5008E3794 /* Build configuration list for PBXProject "Attics" */;
			compatibilityVersion = "Xcode 14.0";
			developmentRegion = en;
			hasScannedForEncodings = 0;
			knownRegions = (
				en,
				Base,
			);
			mainGroup = 209B8BF62B2E40D5008E3794;
			packageReferences = (
				209B8C3A2B2E4462008E3794 /* XCRemoteSwiftPackageReference "LNPopupUI" */,
			);
			productRefGroup = 209B8C002B2E40D5008E3794 /* Products */;
			projectDirPath = "";
			projectRoot = "";
			targets = (
				209B8BFE2B2E40D5008E3794 /* Attics */,
				209B8C0E2B2E40D6008E3794 /* AtticsTests */,
				209B8C182B2E40D6008E3794 /* AtticsUITests */,
			);
		};
/* End PBXProject section */

/* Begin PBXResourcesBuildPhase section */
		209B8BFD2B2E40D5008E3794 /* Resources */ = {
			isa = PBXResourcesBuildPhase;
			buildActionMask = 2147483647;
			files = (
				209B8C0A2B2E40D6008E3794 /* Preview Assets.xcassets in Resources */,
				209B8C072B2E40D6008E3794 /* Assets.xcassets in Resources */,
			);
			runOnlyForDeploymentPostprocessing = 0;
		};
		209B8C0D2B2E40D6008E3794 /* Resources */ = {
			isa = PBXResourcesBuildPhase;
			buildActionMask = 2147483647;
			files = (
			);
			runOnlyForDeploymentPostprocessing = 0;
		};
		209B8C172B2E40D6008E3794 /* Resources */ = {
			isa = PBXResourcesBuildPhase;
			buildActionMask = 2147483647;
			files = (
			);
			runOnlyForDeploymentPostprocessing = 0;
		};
/* End PBXResourcesBuildPhase section */

/* Begin PBXSourcesBuildPhase section */
		209B8BFB2B2E40D5008E3794 /* Sources */ = {
			isa = PBXSourcesBuildPhase;
			buildActionMask = 2147483647;
			files = (
				20D749612B390BB500E1C589 /* PlaylistHeader.swift in Sources */,
				20D749572B37C50600E1C589 /* PopupView.swift in Sources */,
				206E4A6A2B40C3A600CEA4D4 /* HistoryPage.swift in Sources */,
				20E318EA2B2F8A20007A106B /* BandsPage.swift in Sources */,
				20E318E32B2E4E5D007A106B /* BrowsePage.swift in Sources */,
				20D7495B2B38FD0200E1C589 /* LibraryPage.swift in Sources */,
				201695612B3F82E9001456B6 /* SettingsTab.swift in Sources */,
				20E318DC2B2E4BFA007A106B /* AppDelegate.swift in Sources */,
				20D7495F2B390B2800E1C589 /* LibraryItemPage.swift in Sources */,
				206E4A6C2B4203EC00CEA4D4 /* RemoteImage.swift in Sources */,
				20D749532B372BDA00E1C589 /* TrackRow.swift in Sources */,
				209B8C032B2E40D5008E3794 /* AtticsApp.swift in Sources */,
				2016955F2B3F64DF001456B6 /* ResultView.swift in Sources */,
				20CDF1092B3E147D0009853A /* SettingsView.swift in Sources */,
				20E318F22B2FE463007A106B /* YearPage.swift in Sources */,
				2016955D2B3F645E001456B6 /* LibraryTab.swift in Sources */,
				20CA18972B353350006B8902 /* NavigationModel.swift in Sources */,
				2016955B2B3F27B2001456B6 /* HomeTab.swift in Sources */,
				206E4A6E2B420B8100CEA4D4 /* UpdateView.swift in Sources */,
				20CA18932B351E70006B8902 /* RecordingPage.swift in Sources */,
				20E318F62B2FF33A007A106B /* PerformancePage.swift in Sources */,
				20D749552B37354300E1C589 /* MusicProgressSilder.swift in Sources */,
				20E318E52B2E5169007A106B /* Color+Extensions.swift in Sources */,
			);
			runOnlyForDeploymentPostprocessing = 0;
		};
		209B8C0B2B2E40D6008E3794 /* Sources */ = {
			isa = PBXSourcesBuildPhase;
			buildActionMask = 2147483647;
			files = (
				209B8C142B2E40D6008E3794 /* AtticsTests.swift in Sources */,
			);
			runOnlyForDeploymentPostprocessing = 0;
		};
		209B8C152B2E40D6008E3794 /* Sources */ = {
			isa = PBXSourcesBuildPhase;
			buildActionMask = 2147483647;
			files = (
				209B8C202B2E40D6008E3794 /* AtticsUITestsLaunchTests.swift in Sources */,
				209B8C1E2B2E40D6008E3794 /* AtticsUITests.swift in Sources */,
			);
			runOnlyForDeploymentPostprocessing = 0;
		};
/* End PBXSourcesBuildPhase section */

/* Begin PBXTargetDependency section */
		209B8C112B2E40D6008E3794 /* PBXTargetDependency */ = {
			isa = PBXTargetDependency;
			target = 209B8BFE2B2E40D5008E3794 /* Attics */;
			targetProxy = 209B8C102B2E40D6008E3794 /* PBXContainerItemProxy */;
		};
		209B8C1B2B2E40D6008E3794 /* PBXTargetDependency */ = {
			isa = PBXTargetDependency;
			target = 209B8BFE2B2E40D5008E3794 /* Attics */;
			targetProxy = 209B8C1A2B2E40D6008E3794 /* PBXContainerItemProxy */;
		};
/* End PBXTargetDependency section */

/* Begin XCBuildConfiguration section */
		209B8C212B2E40D6008E3794 /* Debug */ = {
			isa = XCBuildConfiguration;
			buildSettings = {
				ALWAYS_SEARCH_USER_PATHS = NO;
				CLANG_ANALYZER_NONNULL = YES;
				CLANG_ANALYZER_NUMBER_OBJECT_CONVERSION = YES_AGGRESSIVE;
				CLANG_CXX_LANGUAGE_STANDARD = "gnu++20";
				CLANG_ENABLE_MODULES = YES;
				CLANG_ENABLE_OBJC_ARC = YES;
				CLANG_ENABLE_OBJC_WEAK = YES;
				CLANG_WARN_BLOCK_CAPTURE_AUTORELEASING = YES;
				CLANG_WARN_BOOL_CONVERSION = YES;
				CLANG_WARN_COMMA = YES;
				CLANG_WARN_CONSTANT_CONVERSION = YES;
				CLANG_WARN_DEPRECATED_OBJC_IMPLEMENTATIONS = YES;
				CLANG_WARN_DIRECT_OBJC_ISA_USAGE = YES_ERROR;
				CLANG_WARN_DOCUMENTATION_COMMENTS = YES;
				CLANG_WARN_EMPTY_BODY = YES;
				CLANG_WARN_ENUM_CONVERSION = YES;
				CLANG_WARN_INFINITE_RECURSION = YES;
				CLANG_WARN_INT_CONVERSION = YES;
				CLANG_WARN_NON_LITERAL_NULL_CONVERSION = YES;
				CLANG_WARN_OBJC_IMPLICIT_RETAIN_SELF = YES;
				CLANG_WARN_OBJC_LITERAL_CONVERSION = YES;
				CLANG_WARN_OBJC_ROOT_CLASS = YES_ERROR;
				CLANG_WARN_QUOTED_INCLUDE_IN_FRAMEWORK_HEADER = YES;
				CLANG_WARN_RANGE_LOOP_ANALYSIS = YES;
				CLANG_WARN_STRICT_PROTOTYPES = YES;
				CLANG_WARN_SUSPICIOUS_MOVE = YES;
				CLANG_WARN_UNGUARDED_AVAILABILITY = YES_AGGRESSIVE;
				CLANG_WARN_UNREACHABLE_CODE = YES;
				CLANG_WARN__DUPLICATE_METHOD_MATCH = YES;
				COPY_PHASE_STRIP = NO;
				DEBUG_INFORMATION_FORMAT = dwarf;
				ENABLE_STRICT_OBJC_MSGSEND = YES;
				ENABLE_TESTABILITY = YES;
				GCC_C_LANGUAGE_STANDARD = gnu11;
				GCC_DYNAMIC_NO_PIC = NO;
				GCC_NO_COMMON_BLOCKS = YES;
				GCC_OPTIMIZATION_LEVEL = 0;
				GCC_PREPROCESSOR_DEFINITIONS = (
					"DEBUG=1",
					"$(inherited)",
				);
				GCC_WARN_64_TO_32_BIT_CONVERSION = YES;
				GCC_WARN_ABOUT_RETURN_TYPE = YES_ERROR;
				GCC_WARN_UNDECLARED_SELECTOR = YES;
				GCC_WARN_UNINITIALIZED_AUTOS = YES_AGGRESSIVE;
				GCC_WARN_UNUSED_FUNCTION = YES;
				GCC_WARN_UNUSED_VARIABLE = YES;
				IPHONEOS_DEPLOYMENT_TARGET = 16.4;
				MTL_ENABLE_DEBUG_INFO = INCLUDE_SOURCE;
				MTL_FAST_MATH = YES;
				ONLY_ACTIVE_ARCH = YES;
				SDKROOT = iphoneos;
				SWIFT_ACTIVE_COMPILATION_CONDITIONS = DEBUG;
				SWIFT_OPTIMIZATION_LEVEL = "-Onone";
			};
			name = Debug;
		};
		209B8C222B2E40D6008E3794 /* Release */ = {
			isa = XCBuildConfiguration;
			buildSettings = {
				ALWAYS_SEARCH_USER_PATHS = NO;
				CLANG_ANALYZER_NONNULL = YES;
				CLANG_ANALYZER_NUMBER_OBJECT_CONVERSION = YES_AGGRESSIVE;
				CLANG_CXX_LANGUAGE_STANDARD = "gnu++20";
				CLANG_ENABLE_MODULES = YES;
				CLANG_ENABLE_OBJC_ARC = YES;
				CLANG_ENABLE_OBJC_WEAK = YES;
				CLANG_WARN_BLOCK_CAPTURE_AUTORELEASING = YES;
				CLANG_WARN_BOOL_CONVERSION = YES;
				CLANG_WARN_COMMA = YES;
				CLANG_WARN_CONSTANT_CONVERSION = YES;
				CLANG_WARN_DEPRECATED_OBJC_IMPLEMENTATIONS = YES;
				CLANG_WARN_DIRECT_OBJC_ISA_USAGE = YES_ERROR;
				CLANG_WARN_DOCUMENTATION_COMMENTS = YES;
				CLANG_WARN_EMPTY_BODY = YES;
				CLANG_WARN_ENUM_CONVERSION = YES;
				CLANG_WARN_INFINITE_RECURSION = YES;
				CLANG_WARN_INT_CONVERSION = YES;
				CLANG_WARN_NON_LITERAL_NULL_CONVERSION = YES;
				CLANG_WARN_OBJC_IMPLICIT_RETAIN_SELF = YES;
				CLANG_WARN_OBJC_LITERAL_CONVERSION = YES;
				CLANG_WARN_OBJC_ROOT_CLASS = YES_ERROR;
				CLANG_WARN_QUOTED_INCLUDE_IN_FRAMEWORK_HEADER = YES;
				CLANG_WARN_RANGE_LOOP_ANALYSIS = YES;
				CLANG_WARN_STRICT_PROTOTYPES = YES;
				CLANG_WARN_SUSPICIOUS_MOVE = YES;
				CLANG_WARN_UNGUARDED_AVAILABILITY = YES_AGGRESSIVE;
				CLANG_WARN_UNREACHABLE_CODE = YES;
				CLANG_WARN__DUPLICATE_METHOD_MATCH = YES;
				COPY_PHASE_STRIP = NO;
				DEBUG_INFORMATION_FORMAT = "dwarf-with-dsym";
				ENABLE_NS_ASSERTIONS = NO;
				ENABLE_STRICT_OBJC_MSGSEND = YES;
				GCC_C_LANGUAGE_STANDARD = gnu11;
				GCC_NO_COMMON_BLOCKS = YES;
				GCC_WARN_64_TO_32_BIT_CONVERSION = YES;
				GCC_WARN_ABOUT_RETURN_TYPE = YES_ERROR;
				GCC_WARN_UNDECLARED_SELECTOR = YES;
				GCC_WARN_UNINITIALIZED_AUTOS = YES_AGGRESSIVE;
				GCC_WARN_UNUSED_FUNCTION = YES;
				GCC_WARN_UNUSED_VARIABLE = YES;
				IPHONEOS_DEPLOYMENT_TARGET = 16.4;
				MTL_ENABLE_DEBUG_INFO = NO;
				MTL_FAST_MATH = YES;
				SDKROOT = iphoneos;
				SWIFT_COMPILATION_MODE = wholemodule;
				SWIFT_OPTIMIZATION_LEVEL = "-O";
				VALIDATE_PRODUCT = YES;
			};
			name = Release;
		};
		209B8C242B2E40D6008E3794 /* Debug */ = {
			isa = XCBuildConfiguration;
			buildSettings = {
				ASSETCATALOG_COMPILER_APPICON_NAME = AppIcon;
				ASSETCATALOG_COMPILER_GLOBAL_ACCENT_COLOR_NAME = AccentColor;
				CODE_SIGN_ENTITLEMENTS = Attics/Attics.entitlements;
				CODE_SIGN_STYLE = Automatic;
				CURRENT_PROJECT_VERSION = 163;
				DEVELOPMENT_ASSET_PATHS = "\"Attics/Preview Content\"";
				DEVELOPMENT_TEAM = W9S2BXPP37;
				ENABLE_PREVIEWS = YES;
				GENERATE_INFOPLIST_FILE = YES;
				INFOPLIST_FILE = Attics/Info.plist;
				INFOPLIST_KEY_LSApplicationCategoryType = "public.app-category.music";
				INFOPLIST_KEY_UIApplicationSceneManifest_Generation = YES;
				INFOPLIST_KEY_UIApplicationSupportsIndirectInputEvents = YES;
				INFOPLIST_KEY_UILaunchScreen_Generation = YES;
				INFOPLIST_KEY_UIStatusBarStyle = "";
				INFOPLIST_KEY_UISupportedInterfaceOrientations = UIInterfaceOrientationPortrait;
				INFOPLIST_KEY_UISupportedInterfaceOrientations_iPad = "UIInterfaceOrientationLandscapeLeft UIInterfaceOrientationLandscapeRight UIInterfaceOrientationPortrait UIInterfaceOrientationPortraitUpsideDown";
				LD_RUNPATH_SEARCH_PATHS = (
					"$(inherited)",
					"@executable_path/Frameworks",
				);
				MARKETING_VERSION = 2.0;
				PRODUCT_BUNDLE_IDENTIFIER = me.zacwood.Attics;
				PRODUCT_NAME = "$(TARGET_NAME)";
				SWIFT_EMIT_LOC_STRINGS = YES;
				SWIFT_VERSION = 5.0;
				TARGETED_DEVICE_FAMILY = "1,2";
			};
			name = Debug;
		};
		209B8C252B2E40D6008E3794 /* Release */ = {
			isa = XCBuildConfiguration;
			buildSettings = {
				ASSETCATALOG_COMPILER_APPICON_NAME = AppIcon;
				ASSETCATALOG_COMPILER_GLOBAL_ACCENT_COLOR_NAME = AccentColor;
				CODE_SIGN_ENTITLEMENTS = Attics/Attics.entitlements;
				CODE_SIGN_STYLE = Automatic;
				CURRENT_PROJECT_VERSION = 163;
				DEVELOPMENT_ASSET_PATHS = "\"Attics/Preview Content\"";
				DEVELOPMENT_TEAM = W9S2BXPP37;
				ENABLE_PREVIEWS = YES;
				GENERATE_INFOPLIST_FILE = YES;
				INFOPLIST_FILE = Attics/Info.plist;
				INFOPLIST_KEY_LSApplicationCategoryType = "public.app-category.music";
				INFOPLIST_KEY_UIApplicationSceneManifest_Generation = YES;
				INFOPLIST_KEY_UIApplicationSupportsIndirectInputEvents = YES;
				INFOPLIST_KEY_UILaunchScreen_Generation = YES;
				INFOPLIST_KEY_UIStatusBarStyle = "";
				INFOPLIST_KEY_UISupportedInterfaceOrientations = UIInterfaceOrientationPortrait;
				INFOPLIST_KEY_UISupportedInterfaceOrientations_iPad = "UIInterfaceOrientationLandscapeLeft UIInterfaceOrientationLandscapeRight UIInterfaceOrientationPortrait UIInterfaceOrientationPortraitUpsideDown";
				LD_RUNPATH_SEARCH_PATHS = (
					"$(inherited)",
					"@executable_path/Frameworks",
				);
				MARKETING_VERSION = 2.0;
				PRODUCT_BUNDLE_IDENTIFIER = me.zacwood.Attics;
				PRODUCT_NAME = "$(TARGET_NAME)";
				SWIFT_EMIT_LOC_STRINGS = YES;
				SWIFT_VERSION = 5.0;
				TARGETED_DEVICE_FAMILY = "1,2";
			};
			name = Release;
		};
		209B8C272B2E40D6008E3794 /* Debug */ = {
			isa = XCBuildConfiguration;
			buildSettings = {
				ALWAYS_EMBED_SWIFT_STANDARD_LIBRARIES = YES;
				BUNDLE_LOADER = "$(TEST_HOST)";
				CODE_SIGN_STYLE = Automatic;
				CURRENT_PROJECT_VERSION = 1;
				DEVELOPMENT_TEAM = W9S2BXPP37;
				GENERATE_INFOPLIST_FILE = YES;
				IPHONEOS_DEPLOYMENT_TARGET = 16.4;
				MARKETING_VERSION = 1.0;
				PRODUCT_BUNDLE_IDENTIFIER = io.attics.AtticsTests;
				PRODUCT_NAME = "$(TARGET_NAME)";
				SWIFT_EMIT_LOC_STRINGS = NO;
				SWIFT_VERSION = 5.0;
				TARGETED_DEVICE_FAMILY = "1,2";
				TEST_HOST = "$(BUILT_PRODUCTS_DIR)/Attics.app/$(BUNDLE_EXECUTABLE_FOLDER_PATH)/Attics";
			};
			name = Debug;
		};
		209B8C282B2E40D6008E3794 /* Release */ = {
			isa = XCBuildConfiguration;
			buildSettings = {
				ALWAYS_EMBED_SWIFT_STANDARD_LIBRARIES = YES;
				BUNDLE_LOADER = "$(TEST_HOST)";
				CODE_SIGN_STYLE = Automatic;
				CURRENT_PROJECT_VERSION = 1;
				DEVELOPMENT_TEAM = W9S2BXPP37;
				GENERATE_INFOPLIST_FILE = YES;
				IPHONEOS_DEPLOYMENT_TARGET = 16.4;
				MARKETING_VERSION = 1.0;
				PRODUCT_BUNDLE_IDENTIFIER = io.attics.AtticsTests;
				PRODUCT_NAME = "$(TARGET_NAME)";
				SWIFT_EMIT_LOC_STRINGS = NO;
				SWIFT_VERSION = 5.0;
				TARGETED_DEVICE_FAMILY = "1,2";
				TEST_HOST = "$(BUILT_PRODUCTS_DIR)/Attics.app/$(BUNDLE_EXECUTABLE_FOLDER_PATH)/Attics";
			};
			name = Release;
		};
		209B8C2A2B2E40D6008E3794 /* Debug */ = {
			isa = XCBuildConfiguration;
			buildSettings = {
				ALWAYS_EMBED_SWIFT_STANDARD_LIBRARIES = YES;
				CODE_SIGN_STYLE = Automatic;
				CURRENT_PROJECT_VERSION = 1;
				DEVELOPMENT_TEAM = W9S2BXPP37;
				GENERATE_INFOPLIST_FILE = YES;
				MARKETING_VERSION = 1.0;
				PRODUCT_BUNDLE_IDENTIFIER = io.attics.AtticsUITests;
				PRODUCT_NAME = "$(TARGET_NAME)";
				SWIFT_EMIT_LOC_STRINGS = NO;
				SWIFT_VERSION = 5.0;
				TARGETED_DEVICE_FAMILY = "1,2";
				TEST_TARGET_NAME = Attics;
			};
			name = Debug;
		};
		209B8C2B2B2E40D6008E3794 /* Release */ = {
			isa = XCBuildConfiguration;
			buildSettings = {
				ALWAYS_EMBED_SWIFT_STANDARD_LIBRARIES = YES;
				CODE_SIGN_STYLE = Automatic;
				CURRENT_PROJECT_VERSION = 1;
				DEVELOPMENT_TEAM = W9S2BXPP37;
				GENERATE_INFOPLIST_FILE = YES;
				MARKETING_VERSION = 1.0;
				PRODUCT_BUNDLE_IDENTIFIER = io.attics.AtticsUITests;
				PRODUCT_NAME = "$(TARGET_NAME)";
				SWIFT_EMIT_LOC_STRINGS = NO;
				SWIFT_VERSION = 5.0;
				TARGETED_DEVICE_FAMILY = "1,2";
				TEST_TARGET_NAME = Attics;
			};
			name = Release;
		};
/* End XCBuildConfiguration section */

/* Begin XCConfigurationList section */
		209B8BFA2B2E40D5008E3794 /* Build configuration list for PBXProject "Attics" */ = {
			isa = XCConfigurationList;
			buildConfigurations = (
				209B8C212B2E40D6008E3794 /* Debug */,
				209B8C222B2E40D6008E3794 /* Release */,
			);
			defaultConfigurationIsVisible = 0;
			defaultConfigurationName = Release;
		};
		209B8C232B2E40D6008E3794 /* Build configuration list for PBXNativeTarget "Attics" */ = {
			isa = XCConfigurationList;
			buildConfigurations = (
				209B8C242B2E40D6008E3794 /* Debug */,
				209B8C252B2E40D6008E3794 /* Release */,
			);
			defaultConfigurationIsVisible = 0;
			defaultConfigurationName = Release;
		};
		209B8C262B2E40D6008E3794 /* Build configuration list for PBXNativeTarget "AtticsTests" */ = {
			isa = XCConfigurationList;
			buildConfigurations = (
				209B8C272B2E40D6008E3794 /* Debug */,
				209B8C282B2E40D6008E3794 /* Release */,
			);
			defaultConfigurationIsVisible = 0;
			defaultConfigurationName = Release;
		};
		209B8C292B2E40D6008E3794 /* Build configuration list for PBXNativeTarget "AtticsUITests" */ = {
			isa = XCConfigurationList;
			buildConfigurations = (
				209B8C2A2B2E40D6008E3794 /* Debug */,
				209B8C2B2B2E40D6008E3794 /* Release */,
			);
			defaultConfigurationIsVisible = 0;
			defaultConfigurationName = Release;
		};
/* End XCConfigurationList section */

/* Begin XCRemoteSwiftPackageReference section */
		209B8C3A2B2E4462008E3794 /* XCRemoteSwiftPackageReference "LNPopupUI" */ = {
			isa = XCRemoteSwiftPackageReference;
			repositoryURL = "https://github.com/LeoNatan/LNPopupUI";
			requirement = {
				kind = upToNextMajorVersion;
				minimumVersion = 1.0.0;
			};
		};
/* End XCRemoteSwiftPackageReference section */

/* Begin XCSwiftPackageProductDependency section */
		209B8C372B2E4322008E3794 /* CosmosUI */ = {
			isa = XCSwiftPackageProductDependency;
			productName = CosmosUI;
		};
		209B8C412B2E44E3008E3794 /* AtticsCore */ = {
			isa = XCSwiftPackageProductDependency;
			productName = AtticsCore;
		};
		209B8C432B2E4585008E3794 /* LNPopupUI-Static */ = {
			isa = XCSwiftPackageProductDependency;
			package = 209B8C3A2B2E4462008E3794 /* XCRemoteSwiftPackageReference "LNPopupUI" */;
			productName = "LNPopupUI-Static";
		};
/* End XCSwiftPackageProductDependency section */
	};
	rootObject = 209B8BF72B2E40D5008E3794 /* Project object */;
}
