// !$*UTF8*$!
{
	archiveVersion = 1;
	classes = {
	};
	objectVersion = 50;
	objects = {

/* Begin PBXBuildFile section */
		39B6D55B2334472B008A80E6 /* LNPreviewToContextMenu.framework in Frameworks */ = {isa = PBXBuildFile; fileRef = 39B6D55823344715008A80E6 /* LNPreviewToContextMenu.framework */; };
		39B6D55C2334472B008A80E6 /* LNPreviewToContextMenu.framework in Embed Frameworks */ = {isa = PBXBuildFile; fileRef = 39B6D55823344715008A80E6 /* LNPreviewToContextMenu.framework */; settings = {ATTRIBUTES = (CodeSignOnCopy, RemoveHeadersOnCopy, ); }; };
		39C7BBCF23342F7800052DF0 /* AppDelegate.m in Sources */ = {isa = PBXBuildFile; fileRef = 39C7BBCE23342F7800052DF0 /* AppDelegate.m */; };
		39C7BBD223342F7800052DF0 /* SceneDelegate.m in Sources */ = {isa = PBXBuildFile; fileRef = 39C7BBD123342F7800052DF0 /* SceneDelegate.m */; };
		39C7BBD523342F7800052DF0 /* ViewController.m in Sources */ = {isa = PBXBuildFile; fileRef = 39C7BBD423342F7800052DF0 /* ViewController.m */; };
		39C7BBD823342F7800052DF0 /* Main.storyboard in Resources */ = {isa = PBXBuildFile; fileRef = 39C7BBD623342F7800052DF0 /* Main.storyboard */; };
		39C7BBDA23342F7900052DF0 /* Assets.xcassets in Resources */ = {isa = PBXBuildFile; fileRef = 39C7BBD923342F7900052DF0 /* Assets.xcassets */; };
		39C7BBDD23342F7900052DF0 /* LaunchScreen.storyboard in Resources */ = {isa = PBXBuildFile; fileRef = 39C7BBDB23342F7900052DF0 /* LaunchScreen.storyboard */; };
		39C7BBE023342F7900052DF0 /* main.m in Sources */ = {isa = PBXBuildFile; fileRef = 39C7BBDF23342F7900052DF0 /* main.m */; };
		39C7BBF2233431C400052DF0 /* TargetViewController.m in Sources */ = {isa = PBXBuildFile; fileRef = 39C7BBF1233431C400052DF0 /* TargetViewController.m */; };
/* End PBXBuildFile section */

/* Begin PBXContainerItemProxy section */
		39B6D55723344715008A80E6 /* PBXContainerItemProxy */ = {
			isa = PBXContainerItemProxy;
			containerPortal = 39B6D55323344715008A80E6 /* LNPreviewToContextMenu.xcodeproj */;
			proxyType = 2;
			remoteGlobalIDString = 39C7BBB623342F5700052DF0;
			remoteInfo = LNPreviewToContextMenu;
		};
		39B6D55D23344737008A80E6 /* PBXContainerItemProxy */ = {
			isa = PBXContainerItemProxy;
			containerPortal = 39B6D55323344715008A80E6 /* LNPreviewToContextMenu.xcodeproj */;
			proxyType = 1;
			remoteGlobalIDString = 39C7BBB523342F5700052DF0;
			remoteInfo = LNPreviewToContextMenu;
		};
/* End PBXContainerItemProxy section */

/* Begin PBXCopyFilesBuildPhase section */
		39C7BBEF23342FAD00052DF0 /* Embed Frameworks */ = {
			isa = PBXCopyFilesBuildPhase;
			buildActionMask = 2147483647;
			dstPath = "";
			dstSubfolderSpec = 10;
			files = (
				39B6D55C2334472B008A80E6 /* LNPreviewToContextMenu.framework in Embed Frameworks */,
			);
			name = "Embed Frameworks";
			runOnlyForDeploymentPostprocessing = 0;
		};
/* End PBXCopyFilesBuildPhase section */

/* Begin PBXFileReference section */
		39B6D55323344715008A80E6 /* LNPreviewToContextMenu.xcodeproj */ = {isa = PBXFileReference; lastKnownFileType = "wrapper.pb-project"; name = LNPreviewToContextMenu.xcodeproj; path = ../LNPreviewToContextMenu/LNPreviewToContextMenu.xcodeproj; sourceTree = "<group>"; };
		39C7BBCA23342F7800052DF0 /* LNPreviewContextCompatExample.app */ = {isa = PBXFileReference; explicitFileType = wrapper.application; includeInIndex = 0; path = LNPreviewContextCompatExample.app; sourceTree = BUILT_PRODUCTS_DIR; };
		39C7BBCD23342F7800052DF0 /* AppDelegate.h */ = {isa = PBXFileReference; lastKnownFileType = sourcecode.c.h; path = AppDelegate.h; sourceTree = "<group>"; };
		39C7BBCE23342F7800052DF0 /* AppDelegate.m */ = {isa = PBXFileReference; lastKnownFileType = sourcecode.c.objc; path = AppDelegate.m; sourceTree = "<group>"; };
		39C7BBD023342F7800052DF0 /* SceneDelegate.h */ = {isa = PBXFileReference; lastKnownFileType = sourcecode.c.h; path = SceneDelegate.h; sourceTree = "<group>"; };
		39C7BBD123342F7800052DF0 /* SceneDelegate.m */ = {isa = PBXFileReference; lastKnownFileType = sourcecode.c.objc; path = SceneDelegate.m; sourceTree = "<group>"; };
		39C7BBD323342F7800052DF0 /* ViewController.h */ = {isa = PBXFileReference; lastKnownFileType = sourcecode.c.h; path = ViewController.h; sourceTree = "<group>"; };
		39C7BBD423342F7800052DF0 /* ViewController.m */ = {isa = PBXFileReference; lastKnownFileType = sourcecode.c.objc; path = ViewController.m; sourceTree = "<group>"; };
		39C7BBD723342F7800052DF0 /* Base */ = {isa = PBXFileReference; lastKnownFileType = file.storyboard; name = Base; path = Base.lproj/Main.storyboard; sourceTree = "<group>"; };
		39C7BBD923342F7900052DF0 /* Assets.xcassets */ = {isa = PBXFileReference; lastKnownFileType = folder.assetcatalog; path = Assets.xcassets; sourceTree = "<group>"; };
		39C7BBDC23342F7900052DF0 /* Base */ = {isa = PBXFileReference; lastKnownFileType = file.storyboard; name = Base; path = Base.lproj/LaunchScreen.storyboard; sourceTree = "<group>"; };
		39C7BBDE23342F7900052DF0 /* Info.plist */ = {isa = PBXFileReference; lastKnownFileType = text.plist.xml; path = Info.plist; sourceTree = "<group>"; };
		39C7BBDF23342F7900052DF0 /* main.m */ = {isa = PBXFileReference; lastKnownFileType = sourcecode.c.objc; path = main.m; sourceTree = "<group>"; };
		39C7BBF0233431C400052DF0 /* TargetViewController.h */ = {isa = PBXFileReference; lastKnownFileType = sourcecode.c.h; path = TargetViewController.h; sourceTree = "<group>"; };
		39C7BBF1233431C400052DF0 /* TargetViewController.m */ = {isa = PBXFileReference; lastKnownFileType = sourcecode.c.objc; path = TargetViewController.m; sourceTree = "<group>"; };
		39C7BBFC233445EC00052DF0 /* LNPreviewContextCompatExample.entitlements */ = {isa = PBXFileReference; lastKnownFileType = text.plist.entitlements; path = LNPreviewContextCompatExample.entitlements; sourceTree = "<group>"; };
/* End PBXFileReference section */

/* Begin PBXFrameworksBuildPhase section */
		39C7BBC723342F7800052DF0 /* Frameworks */ = {
			isa = PBXFrameworksBuildPhase;
			buildActionMask = 2147483647;
			files = (
				39B6D55B2334472B008A80E6 /* LNPreviewToContextMenu.framework in Frameworks */,
			);
			runOnlyForDeploymentPostprocessing = 0;
		};
/* End PBXFrameworksBuildPhase section */

/* Begin PBXGroup section */
		39B6D55423344715008A80E6 /* Products */ = {
			isa = PBXGroup;
			children = (
				39B6D55823344715008A80E6 /* LNPreviewToContextMenu.framework */,
			);
			name = Products;
			sourceTree = "<group>";
		};
		39C7BBC123342F7800052DF0 = {
			isa = PBXGroup;
			children = (
				39B6D55323344715008A80E6 /* LNPreviewToContextMenu.xcodeproj */,
				39C7BBCC23342F7800052DF0 /* LNPreviewContextCompatExample */,
				39C7BBCB23342F7800052DF0 /* Products */,
				39C7BBEC23342FAD00052DF0 /* Frameworks */,
			);
			sourceTree = "<group>";
		};
		39C7BBCB23342F7800052DF0 /* Products */ = {
			isa = PBXGroup;
			children = (
				39C7BBCA23342F7800052DF0 /* LNPreviewContextCompatExample.app */,
			);
			name = Products;
			sourceTree = "<group>";
		};
		39C7BBCC23342F7800052DF0 /* LNPreviewContextCompatExample */ = {
			isa = PBXGroup;
			children = (
				39C7BBFC233445EC00052DF0 /* LNPreviewContextCompatExample.entitlements */,
				39C7BBCD23342F7800052DF0 /* AppDelegate.h */,
				39C7BBCE23342F7800052DF0 /* AppDelegate.m */,
				39C7BBD023342F7800052DF0 /* SceneDelegate.h */,
				39C7BBD123342F7800052DF0 /* SceneDelegate.m */,
				39C7BBD323342F7800052DF0 /* ViewController.h */,
				39C7BBD423342F7800052DF0 /* ViewController.m */,
				39C7BBF0233431C400052DF0 /* TargetViewController.h */,
				39C7BBF1233431C400052DF0 /* TargetViewController.m */,
				39C7BBD623342F7800052DF0 /* Main.storyboard */,
				39C7BBD923342F7900052DF0 /* Assets.xcassets */,
				39C7BBDB23342F7900052DF0 /* LaunchScreen.storyboard */,
				39C7BBDE23342F7900052DF0 /* Info.plist */,
				39C7BBDF23342F7900052DF0 /* main.m */,
			);
			path = LNPreviewContextCompatExample;
			sourceTree = "<group>";
		};
		39C7BBEC23342FAD00052DF0 /* Frameworks */ = {
			isa = PBXGroup;
			children = (
			);
			name = Frameworks;
			sourceTree = "<group>";
		};
/* End PBXGroup section */

/* Begin PBXNativeTarget section */
		39C7BBC923342F7800052DF0 /* LNPreviewContextCompatExample */ = {
			isa = PBXNativeTarget;
			buildConfigurationList = 39C7BBE323342F7900052DF0 /* Build configuration list for PBXNativeTarget "LNPreviewContextCompatExample" */;
			buildPhases = (
				39C7BBC623342F7800052DF0 /* Sources */,
				39C7BBC723342F7800052DF0 /* Frameworks */,
				39C7BBC823342F7800052DF0 /* Resources */,
				39C7BBEF23342FAD00052DF0 /* Embed Frameworks */,
			);
			buildRules = (
			);
			dependencies = (
				39B6D55E23344737008A80E6 /* PBXTargetDependency */,
			);
			name = LNPreviewContextCompatExample;
			productName = LNPreviewContextCompatExample;
			productReference = 39C7BBCA23342F7800052DF0 /* LNPreviewContextCompatExample.app */;
			productType = "com.apple.product-type.application";
		};
/* End PBXNativeTarget section */

/* Begin PBXProject section */
		39C7BBC223342F7800052DF0 /* Project object */ = {
			isa = PBXProject;
			attributes = {
				LastUpgradeCheck = 1100;
				ORGANIZATIONNAME = LeoNatan;
				TargetAttributes = {
					39C7BBC923342F7800052DF0 = {
						CreatedOnToolsVersion = 11.0;
					};
				};
			};
			buildConfigurationList = 39C7BBC523342F7800052DF0 /* Build configuration list for PBXProject "LNPreviewContextCompatExample" */;
			compatibilityVersion = "Xcode 9.3";
			developmentRegion = en;
			hasScannedForEncodings = 0;
			knownRegions = (
				en,
				Base,
			);
			mainGroup = 39C7BBC123342F7800052DF0;
			productRefGroup = 39C7BBCB23342F7800052DF0 /* Products */;
			projectDirPath = "";
			projectReferences = (
				{
					ProductGroup = 39B6D55423344715008A80E6 /* Products */;
					ProjectRef = 39B6D55323344715008A80E6 /* LNPreviewToContextMenu.xcodeproj */;
				},
			);
			projectRoot = "";
			targets = (
				39C7BBC923342F7800052DF0 /* LNPreviewContextCompatExample */,
			);
		};
/* End PBXProject section */

/* Begin PBXReferenceProxy section */
		39B6D55823344715008A80E6 /* LNPreviewToContextMenu.framework */ = {
			isa = PBXReferenceProxy;
			fileType = wrapper.framework;
			path = LNPreviewToContextMenu.framework;
			remoteRef = 39B6D55723344715008A80E6 /* PBXContainerItemProxy */;
			sourceTree = BUILT_PRODUCTS_DIR;
		};
/* End PBXReferenceProxy section */

/* Begin PBXResourcesBuildPhase section */
		39C7BBC823342F7800052DF0 /* Resources */ = {
			isa = PBXResourcesBuildPhase;
			buildActionMask = 2147483647;
			files = (
				39C7BBDD23342F7900052DF0 /* LaunchScreen.storyboard in Resources */,
				39C7BBDA23342F7900052DF0 /* Assets.xcassets in Resources */,
				39C7BBD823342F7800052DF0 /* Main.storyboard in Resources */,
			);
			runOnlyForDeploymentPostprocessing = 0;
		};
/* End PBXResourcesBuildPhase section */

/* Begin PBXSourcesBuildPhase section */
		39C7BBC623342F7800052DF0 /* Sources */ = {
			isa = PBXSourcesBuildPhase;
			buildActionMask = 2147483647;
			files = (
				39C7BBF2233431C400052DF0 /* TargetViewController.m in Sources */,
				39C7BBD523342F7800052DF0 /* ViewController.m in Sources */,
				39C7BBCF23342F7800052DF0 /* AppDelegate.m in Sources */,
				39C7BBE023342F7900052DF0 /* main.m in Sources */,
				39C7BBD223342F7800052DF0 /* SceneDelegate.m in Sources */,
			);
			runOnlyForDeploymentPostprocessing = 0;
		};
/* End PBXSourcesBuildPhase section */

/* Begin PBXTargetDependency section */
		39B6D55E23344737008A80E6 /* PBXTargetDependency */ = {
			isa = PBXTargetDependency;
			name = LNPreviewToContextMenu;
			targetProxy = 39B6D55D23344737008A80E6 /* PBXContainerItemProxy */;
		};
/* End PBXTargetDependency section */

/* Begin PBXVariantGroup section */
		39C7BBD623342F7800052DF0 /* Main.storyboard */ = {
			isa = PBXVariantGroup;
			children = (
				39C7BBD723342F7800052DF0 /* Base */,
			);
			name = Main.storyboard;
			sourceTree = "<group>";
		};
		39C7BBDB23342F7900052DF0 /* LaunchScreen.storyboard */ = {
			isa = PBXVariantGroup;
			children = (
				39C7BBDC23342F7900052DF0 /* Base */,
			);
			name = LaunchScreen.storyboard;
			sourceTree = "<group>";
		};
/* End PBXVariantGroup section */

/* Begin XCBuildConfiguration section */
		39C7BBE123342F7900052DF0 /* Debug */ = {
			isa = XCBuildConfiguration;
			buildSettings = {
				ALWAYS_SEARCH_USER_PATHS = NO;
				CLANG_ANALYZER_NONNULL = YES;
				CLANG_ANALYZER_NUMBER_OBJECT_CONVERSION = YES_AGGRESSIVE;
				CLANG_CXX_LANGUAGE_STANDARD = "gnu++14";
				CLANG_CXX_LIBRARY = "libc++";
				CLANG_ENABLE_MODULES = YES;
				CLANG_ENABLE_OBJC_ARC = YES;
				CLANG_ENABLE_OBJC_WEAK = YES;
				CLANG_WARN_BLOCK_CAPTURE_AUTORELEASING = YES;
				CLANG_WARN_BOOL_CONVERSION = YES;
				CLANG_WARN_COMMA = YES;
				CLANG_WARN_CONSTANT_CONVERSION = YES;
				CLANG_WARN_DEPRECATED_OBJC_IMPLEMENTATIONS = NO;
				CLANG_WARN_DIRECT_OBJC_ISA_USAGE = YES_ERROR;
				CLANG_WARN_DOCUMENTATION_COMMENTS = YES;
				CLANG_WARN_EMPTY_BODY = YES;
				CLANG_WARN_ENUM_CONVERSION = YES;
				CLANG_WARN_INFINITE_RECURSION = YES;
				CLANG_WARN_INT_CONVERSION = YES;
				CLANG_WARN_NON_LITERAL_NULL_CONVERSION = YES;
				CLANG_WARN_OBJC_IMPLICIT_RETAIN_SELF = YES;
				CLANG_WARN_OBJC_LITERAL_CONVERSION = YES;
				CLANG_WARN_OBJC_ROOT_CLASS = YES_ERROR;
				CLANG_WARN_RANGE_LOOP_ANALYSIS = YES;
				CLANG_WARN_STRICT_PROTOTYPES = YES;
				CLANG_WARN_SUSPICIOUS_MOVE = YES;
				CLANG_WARN_UNGUARDED_AVAILABILITY = YES_AGGRESSIVE;
				CLANG_WARN_UNREACHABLE_CODE = YES;
				CLANG_WARN__DUPLICATE_METHOD_MATCH = YES;
				COPY_PHASE_STRIP = NO;
				DEBUG_INFORMATION_FORMAT = dwarf;
				ENABLE_STRICT_OBJC_MSGSEND = YES;
				ENABLE_TESTABILITY = YES;
				GCC_C_LANGUAGE_STANDARD = gnu11;
				GCC_DYNAMIC_NO_PIC = NO;
				GCC_NO_COMMON_BLOCKS = YES;
				GCC_OPTIMIZATION_LEVEL = 0;
				GCC_PREPROCESSOR_DEFINITIONS = (
					"DEBUG=1",
					"$(inherited)",
				);
				GCC_WARN_64_TO_32_BIT_CONVERSION = YES;
				GCC_WARN_ABOUT_DEPRECATED_FUNCTIONS = NO;
				GCC_WARN_ABOUT_RETURN_TYPE = YES_ERROR;
				GCC_WARN_UNDECLARED_SELECTOR = YES;
				GCC_WARN_UNINITIALIZED_AUTOS = YES_AGGRESSIVE;
				GCC_WARN_UNUSED_FUNCTION = YES;
				GCC_WARN_UNUSED_VARIABLE = YES;
				IPHONEOS_DEPLOYMENT_TARGET = 13.0;
				MTL_ENABLE_DEBUG_INFO = INCLUDE_SOURCE;
				MTL_FAST_MATH = YES;
				ONLY_ACTIVE_ARCH = YES;
				SDKROOT = iphoneos;
			};
			name = Debug;
		};
		39C7BBE223342F7900052DF0 /* Release */ = {
			isa = XCBuildConfiguration;
			buildSettings = {
				ALWAYS_SEARCH_USER_PATHS = NO;
				CLANG_ANALYZER_NONNULL = YES;
				CLANG_ANALYZER_NUMBER_OBJECT_CONVERSION = YES_AGGRESSIVE;
				CLANG_CXX_LANGUAGE_STANDARD = "gnu++14";
				CLANG_CXX_LIBRARY = "libc++";
				CLANG_ENABLE_MODULES = YES;
				CLANG_ENABLE_OBJC_ARC = YES;
				CLANG_ENABLE_OBJC_WEAK = YES;
				CLANG_WARN_BLOCK_CAPTURE_AUTORELEASING = YES;
				CLANG_WARN_BOOL_CONVERSION = YES;
				CLANG_WARN_COMMA = YES;
				CLANG_WARN_CONSTANT_CONVERSION = YES;
				CLANG_WARN_DEPRECATED_OBJC_IMPLEMENTATIONS = NO;
				CLANG_WARN_DIRECT_OBJC_ISA_USAGE = YES_ERROR;
				CLANG_WARN_DOCUMENTATION_COMMENTS = YES;
				CLANG_WARN_EMPTY_BODY = YES;
				CLANG_WARN_ENUM_CONVERSION = YES;
				CLANG_WARN_INFINITE_RECURSION = YES;
				CLANG_WARN_INT_CONVERSION = YES;
				CLANG_WARN_NON_LITERAL_NULL_CONVERSION = YES;
				CLANG_WARN_OBJC_IMPLICIT_RETAIN_SELF = YES;
				CLANG_WARN_OBJC_LITERAL_CONVERSION = YES;
				CLANG_WARN_OBJC_ROOT_CLASS = YES_ERROR;
				CLANG_WARN_RANGE_LOOP_ANALYSIS = YES;
				CLANG_WARN_STRICT_PROTOTYPES = YES;
				CLANG_WARN_SUSPICIOUS_MOVE = YES;
				CLANG_WARN_UNGUARDED_AVAILABILITY = YES_AGGRESSIVE;
				CLANG_WARN_UNREACHABLE_CODE = YES;
				CLANG_WARN__DUPLICATE_METHOD_MATCH = YES;
				COPY_PHASE_STRIP = NO;
				DEBUG_INFORMATION_FORMAT = "dwarf-with-dsym";
				ENABLE_NS_ASSERTIONS = NO;
				ENABLE_STRICT_OBJC_MSGSEND = YES;
				GCC_C_LANGUAGE_STANDARD = gnu11;
				GCC_NO_COMMON_BLOCKS = YES;
				GCC_WARN_64_TO_32_BIT_CONVERSION = YES;
				GCC_WARN_ABOUT_DEPRECATED_FUNCTIONS = NO;
				GCC_WARN_ABOUT_RETURN_TYPE = YES_ERROR;
				GCC_WARN_UNDECLARED_SELECTOR = YES;
				GCC_WARN_UNINITIALIZED_AUTOS = YES_AGGRESSIVE;
				GCC_WARN_UNUSED_FUNCTION = YES;
				GCC_WARN_UNUSED_VARIABLE = YES;
				IPHONEOS_DEPLOYMENT_TARGET = 13.0;
				MTL_ENABLE_DEBUG_INFO = NO;
				MTL_FAST_MATH = YES;
				SDKROOT = iphoneos;
				VALIDATE_PRODUCT = YES;
			};
			name = Release;
		};
		39C7BBE423342F7900052DF0 /* Debug */ = {
			isa = XCBuildConfiguration;
			buildSettings = {
				ASSETCATALOG_COMPILER_APPICON_NAME = AppIcon;
				CODE_SIGN_ENTITLEMENTS = LNPreviewContextCompatExample/LNPreviewContextCompatExample.entitlements;
				CODE_SIGN_STYLE = Automatic;
				DERIVE_MACCATALYST_PRODUCT_BUNDLE_IDENTIFIER = YES;
				DEVELOPMENT_TEAM = S9QFG2VH2E;
				INFOPLIST_FILE = LNPreviewContextCompatExample/Info.plist;
				IPHONEOS_DEPLOYMENT_TARGET = 11.0;
				LD_RUNPATH_SEARCH_PATHS = (
					"$(inherited)",
					"@executable_path/Frameworks",
				);
				PRODUCT_BUNDLE_IDENTIFIER = com.LeoNatan.LNPreviewContextCompatExample;
				PRODUCT_NAME = "$(TARGET_NAME)";
				SUPPORTS_MACCATALYST = YES;
				TARGETED_DEVICE_FAMILY = "1,2";
			};
			name = Debug;
		};
		39C7BBE523342F7900052DF0 /* Release */ = {
			isa = XCBuildConfiguration;
			buildSettings = {
				ASSETCATALOG_COMPILER_APPICON_NAME = AppIcon;
				CODE_SIGN_ENTITLEMENTS = LNPreviewContextCompatExample/LNPreviewContextCompatExample.entitlements;
				CODE_SIGN_STYLE = Automatic;
				DERIVE_MACCATALYST_PRODUCT_BUNDLE_IDENTIFIER = YES;
				DEVELOPMENT_TEAM = S9QFG2VH2E;
				INFOPLIST_FILE = LNPreviewContextCompatExample/Info.plist;
				IPHONEOS_DEPLOYMENT_TARGET = 11.0;
				LD_RUNPATH_SEARCH_PATHS = (
					"$(inherited)",
					"@executable_path/Frameworks",
				);
				PRODUCT_BUNDLE_IDENTIFIER = com.LeoNatan.LNPreviewContextCompatExample;
				PRODUCT_NAME = "$(TARGET_NAME)";
				SUPPORTS_MACCATALYST = YES;
				TARGETED_DEVICE_FAMILY = "1,2";
			};
			name = Release;
		};
/* End XCBuildConfiguration section */

/* Begin XCConfigurationList section */
		39C7BBC523342F7800052DF0 /* Build configuration list for PBXProject "LNPreviewContextCompatExample" */ = {
			isa = XCConfigurationList;
			buildConfigurations = (
				39C7BBE123342F7900052DF0 /* Debug */,
				39C7BBE223342F7900052DF0 /* Release */,
			);
			defaultConfigurationIsVisible = 0;
			defaultConfigurationName = Release;
		};
		39C7BBE323342F7900052DF0 /* Build configuration list for PBXNativeTarget "LNPreviewContextCompatExample" */ = {
			isa = XCConfigurationList;
			buildConfigurations = (
				39C7BBE423342F7900052DF0 /* Debug */,
				39C7BBE523342F7900052DF0 /* Release */,
			);
			defaultConfigurationIsVisible = 0;
			defaultConfigurationName = Release;
		};
/* End XCConfigurationList section */
	};
	rootObject = 39C7BBC223342F7800052DF0 /* Project object */;
}
